
Microsoft Visual Studio Solution File, Format Version 12.00
# Visual Studio Version 17
VisualStudioVersion = 17.9.34728.123
MinimumVisualStudioVersion = 10.0.40219.1
Project("{FAE04EC0-301F-11D3-BF4B-00C04F79EFBC}") = "RoupaBox", "RoupaBox\RoupaBox.csproj", "{F96EA45B-1A34-468F-8363-9D9B0B2572D5}"
EndProject
Global
	GlobalSection(SolutionConfigurationPlatforms) = preSolution
		Debug|Any CPU = Debug|Any CPU
		Release|Any CPU = Release|Any CPU
	EndGlobalSection
	GlobalSection(ProjectConfigurationPlatforms) = postSolution
		{F96EA45B-1A34-468F-8363-9D9B0B2572D5}.Debug|Any CPU.ActiveCfg = Debug|Any CPU
		{F96EA45B-1A34-468F-8363-9D9B0B2572D5}.Debug|Any CPU.Build.0 = Debug|Any CPU
		{F96EA45B-1A34-468F-8363-9D9B0B2572D5}.Release|Any CPU.ActiveCfg = Release|Any CPU
		{F96EA45B-1A34-468F-8363-9D9B0B2572D5}.Release|Any CPU.Build.0 = Release|Any CPU
	EndGlobalSection
	GlobalSection(SolutionProperties) = preSolution
		HideSolutionNode = FALSE
	EndGlobalSection
	GlobalSection(ExtensibilityGlobals) = postSolution
		SolutionGuid = {E2168A4D-5918-4568-9C84-D960B20DC2E0}
	EndGlobalSection
EndGlobal
